// !$*UTF8*$!
{
	archiveVersion = 1;
	classes = {
	};
	objectVersion = 55;
	objects = {

/* Begin PBXBuildFile section */
		1637BC7E287ACB6300125019 /* NetworkRouter.swift in Sources */ = {isa = PBXBuildFile; fileRef = 1637BC7D287ACB6300125019 /* NetworkRouter.swift */; };
		166D5187283ABF8B0084BE52 /* FlagKit in Frameworks */ = {isa = PBXBuildFile; productRef = 166D5186283ABF8B0084BE52 /* FlagKit */; };
		167D8587283C1FE2003C806B /* Coordinator.swift in Sources */ = {isa = PBXBuildFile; fileRef = 167D8586283C1FE1003C806B /* Coordinator.swift */; };
		167D8589283CED59003C806B /* GetCurrencyFlag.swift in Sources */ = {isa = PBXBuildFile; fileRef = 167D8588283CED59003C806B /* GetCurrencyFlag.swift */; };
		167D858B283CF295003C806B /* ExchangeRatesTestGetCurrencyFlagTest.swift in Sources */ = {isa = PBXBuildFile; fileRef = 167D858A283CF295003C806B /* ExchangeRatesTestGetCurrencyFlagTest.swift */; };
		16BE14C2283933B400C7307E /* AppDelegate.swift in Sources */ = {isa = PBXBuildFile; fileRef = 16BE14C1283933B400C7307E /* AppDelegate.swift */; };
		16BE14C4283933B400C7307E /* SceneDelegate.swift in Sources */ = {isa = PBXBuildFile; fileRef = 16BE14C3283933B400C7307E /* SceneDelegate.swift */; };
		16BE14C6283933B400C7307E /* RatesListViewController.swift in Sources */ = {isa = PBXBuildFile; fileRef = 16BE14C5283933B400C7307E /* RatesListViewController.swift */; };
		16BE14CB283933B800C7307E /* Assets.xcassets in Resources */ = {isa = PBXBuildFile; fileRef = 16BE14CA283933B800C7307E /* Assets.xcassets */; };
		16BE14CE283933B800C7307E /* LaunchScreen.storyboard in Resources */ = {isa = PBXBuildFile; fileRef = 16BE14CC283933B800C7307E /* LaunchScreen.storyboard */; };
		16BE14D9283933B800C7307E /* ExchangeRatesTestTests.swift in Sources */ = {isa = PBXBuildFile; fileRef = 16BE14D8283933B800C7307E /* ExchangeRatesTestTests.swift */; };
		16BE14E3283933B800C7307E /* ExchangeRatesTestUITests.swift in Sources */ = {isa = PBXBuildFile; fileRef = 16BE14E2283933B800C7307E /* ExchangeRatesTestUITests.swift */; };
		16BE14F32839341600C7307E /* RxCocoa in Frameworks */ = {isa = PBXBuildFile; productRef = 16BE14F22839341600C7307E /* RxCocoa */; };
		16BE14F52839341600C7307E /* RxSwift in Frameworks */ = {isa = PBXBuildFile; productRef = 16BE14F42839341600C7307E /* RxSwift */; };
		16BE15002839380900C7307E /* Rates.swift in Sources */ = {isa = PBXBuildFile; fileRef = 16BE14FF2839380900C7307E /* Rates.swift */; };
		16BE15022839385600C7307E /* RatesResults.swift in Sources */ = {isa = PBXBuildFile; fileRef = 16BE15012839385600C7307E /* RatesResults.swift */; };
		16BE1504283938B100C7307E /* RatesListViewModel.swift in Sources */ = {isa = PBXBuildFile; fileRef = 16BE1503283938B100C7307E /* RatesListViewModel.swift */; };
		16BE150728393EF900C7307E /* CurrencySymbols.swift in Sources */ = {isa = PBXBuildFile; fileRef = 16BE150628393EF900C7307E /* CurrencySymbols.swift */; };
		16BE15092839418300C7307E /* OldNetworkManager.swift in Sources */ = {isa = PBXBuildFile; fileRef = 16BE15082839418300C7307E /* OldNetworkManager.swift */; };
		16BE150B283945C000C7307E /* RatesListTableViewCell.swift in Sources */ = {isa = PBXBuildFile; fileRef = 16BE150A283945C000C7307E /* RatesListTableViewCell.swift */; };
		16BE150D2839561D00C7307E /* AppCoordinator.swift in Sources */ = {isa = PBXBuildFile; fileRef = 16BE150C2839561C00C7307E /* AppCoordinator.swift */; };
		16BE15142839704600C7307E /* MainViewController.swift in Sources */ = {isa = PBXBuildFile; fileRef = 16BE15132839704600C7307E /* MainViewController.swift */; };
		16BE15172839713500C7307E /* UIColorExtension.swift in Sources */ = {isa = PBXBuildFile; fileRef = 16BE15162839713500C7307E /* UIColorExtension.swift */; };
		16BE151A28397C4700C7307E /* RatesListView.swift in Sources */ = {isa = PBXBuildFile; fileRef = 16BE151928397C4700C7307E /* RatesListView.swift */; };
		16BE151C283A429600C7307E /* MainViewControllerView.swift in Sources */ = {isa = PBXBuildFile; fileRef = 16BE151B283A429600C7307E /* MainViewControllerView.swift */; };
		16BE151F283A469600C7307E /* RatesListCoordinator.swift in Sources */ = {isa = PBXBuildFile; fileRef = 16BE151E283A469600C7307E /* RatesListCoordinator.swift */; };
		16BE1521283A5D7500C7307E /* RatesDetailView.swift in Sources */ = {isa = PBXBuildFile; fileRef = 16BE1520283A5D7500C7307E /* RatesDetailView.swift */; };
		16BE1523283A60A000C7307E /* RatesDetailTableViewCell.swift in Sources */ = {isa = PBXBuildFile; fileRef = 16BE1522283A60A000C7307E /* RatesDetailTableViewCell.swift */; };
		16BE1525283A60D200C7307E /* RatesDetailViewController.swift in Sources */ = {isa = PBXBuildFile; fileRef = 16BE1524283A60D200C7307E /* RatesDetailViewController.swift */; };
		16BE1527283A619F00C7307E /* RatesDetailViewModel.swift in Sources */ = {isa = PBXBuildFile; fileRef = 16BE1526283A619F00C7307E /* RatesDetailViewModel.swift */; };
		16BE1529283A676900C7307E /* RatesDetailCoordinator.swift in Sources */ = {isa = PBXBuildFile; fileRef = 16BE1528283A676900C7307E /* RatesDetailCoordinator.swift */; };
		16BE152B283A68C000C7307E /* MainScreenCoordinator.swift in Sources */ = {isa = PBXBuildFile; fileRef = 16BE152A283A68C000C7307E /* MainScreenCoordinator.swift */; };
		16BE152D283A68F700C7307E /* MainViewModel.swift in Sources */ = {isa = PBXBuildFile; fileRef = 16BE152C283A68F700C7307E /* MainViewModel.swift */; };
		16EC030E2879CA9D00DCB90F /* HTTPMethod.swift in Sources */ = {isa = PBXBuildFile; fileRef = 16EC030D2879CA9D00DCB90F /* HTTPMethod.swift */; };
		16EC03102879CAC100DCB90F /* HTTPTask.swift in Sources */ = {isa = PBXBuildFile; fileRef = 16EC030F2879CAC100DCB90F /* HTTPTask.swift */; };
		16EC03122879CADD00DCB90F /* EndPointType.swift in Sources */ = {isa = PBXBuildFile; fileRef = 16EC03112879CADD00DCB90F /* EndPointType.swift */; };
		16EC03152879CB0B00DCB90F /* CurrencyModel.swift in Sources */ = {isa = PBXBuildFile; fileRef = 16EC03142879CB0B00DCB90F /* CurrencyModel.swift */; };
		16EC03182879D3BC00DCB90F /* CurrencyEndPoint.swift in Sources */ = {isa = PBXBuildFile; fileRef = 16EC03172879D3BC00DCB90F /* CurrencyEndPoint.swift */; };
		16EC031B2879D44800DCB90F /* ParameterEncoding.swift in Sources */ = {isa = PBXBuildFile; fileRef = 16EC031A2879D44800DCB90F /* ParameterEncoding.swift */; };
		16EC031D2879D47100DCB90F /* URLParameterEncoding.swift in Sources */ = {isa = PBXBuildFile; fileRef = 16EC031C2879D47100DCB90F /* URLParameterEncoding.swift */; };
		16EC031F2879D4AB00DCB90F /* JSONParameterEncoder.swift in Sources */ = {isa = PBXBuildFile; fileRef = 16EC031E2879D4AB00DCB90F /* JSONParameterEncoder.swift */; };
		16EC03222879D4D100DCB90F /* ApiClient.swift in Sources */ = {isa = PBXBuildFile; fileRef = 16EC03212879D4D100DCB90F /* ApiClient.swift */; };
/* End PBXBuildFile section */

/* Begin PBXContainerItemProxy section */
		16BE14D5283933B800C7307E /* PBXContainerItemProxy */ = {
			isa = PBXContainerItemProxy;
			containerPortal = 16BE14B6283933B400C7307E /* Project object */;
			proxyType = 1;
			remoteGlobalIDString = 16BE14BD283933B400C7307E;
			remoteInfo = ExchangeRatesTest;
		};
		16BE14DF283933B800C7307E /* PBXContainerItemProxy */ = {
			isa = PBXContainerItemProxy;
			containerPortal = 16BE14B6283933B400C7307E /* Project object */;
			proxyType = 1;
			remoteGlobalIDString = 16BE14BD283933B400C7307E;
			remoteInfo = ExchangeRatesTest;
		};
/* End PBXContainerItemProxy section */

/* Begin PBXFileReference section */
		1637BC7D287ACB6300125019 /* NetworkRouter.swift */ = {isa = PBXFileReference; lastKnownFileType = sourcecode.swift; path = NetworkRouter.swift; sourceTree = "<group>"; };
		167D8586283C1FE1003C806B /* Coordinator.swift */ = {isa = PBXFileReference; lastKnownFileType = sourcecode.swift; path = Coordinator.swift; sourceTree = "<group>"; };
		167D8588283CED59003C806B /* GetCurrencyFlag.swift */ = {isa = PBXFileReference; lastKnownFileType = sourcecode.swift; path = GetCurrencyFlag.swift; sourceTree = "<group>"; };
		167D858A283CF295003C806B /* ExchangeRatesTestGetCurrencyFlagTest.swift */ = {isa = PBXFileReference; lastKnownFileType = sourcecode.swift; path = ExchangeRatesTestGetCurrencyFlagTest.swift; sourceTree = "<group>"; };
		167D858E283D0228003C806B /* FastTests.xctestplan */ = {isa = PBXFileReference; lastKnownFileType = text; path = FastTests.xctestplan; sourceTree = "<group>"; };
		167D858F283D025E003C806B /* SlowTests.xctestplan */ = {isa = PBXFileReference; lastKnownFileType = text; path = SlowTests.xctestplan; sourceTree = "<group>"; };
		16BE14BE283933B400C7307E /* ExchangeRatesTest.app */ = {isa = PBXFileReference; explicitFileType = wrapper.application; includeInIndex = 0; path = ExchangeRatesTest.app; sourceTree = BUILT_PRODUCTS_DIR; };
		16BE14C1283933B400C7307E /* AppDelegate.swift */ = {isa = PBXFileReference; lastKnownFileType = sourcecode.swift; path = AppDelegate.swift; sourceTree = "<group>"; };
		16BE14C3283933B400C7307E /* SceneDelegate.swift */ = {isa = PBXFileReference; lastKnownFileType = sourcecode.swift; path = SceneDelegate.swift; sourceTree = "<group>"; };
		16BE14C5283933B400C7307E /* RatesListViewController.swift */ = {isa = PBXFileReference; lastKnownFileType = sourcecode.swift; path = RatesListViewController.swift; sourceTree = "<group>"; };
		16BE14CA283933B800C7307E /* Assets.xcassets */ = {isa = PBXFileReference; lastKnownFileType = folder.assetcatalog; path = Assets.xcassets; sourceTree = "<group>"; };
		16BE14CD283933B800C7307E /* Base */ = {isa = PBXFileReference; lastKnownFileType = file.storyboard; name = Base; path = Base.lproj/LaunchScreen.storyboard; sourceTree = "<group>"; };
		16BE14CF283933B800C7307E /* Info.plist */ = {isa = PBXFileReference; lastKnownFileType = text.plist.xml; path = Info.plist; sourceTree = "<group>"; };
		16BE14D4283933B800C7307E /* ExchangeRatesTestTests.xctest */ = {isa = PBXFileReference; explicitFileType = wrapper.cfbundle; includeInIndex = 0; path = ExchangeRatesTestTests.xctest; sourceTree = BUILT_PRODUCTS_DIR; };
		16BE14D8283933B800C7307E /* ExchangeRatesTestTests.swift */ = {isa = PBXFileReference; lastKnownFileType = sourcecode.swift; path = ExchangeRatesTestTests.swift; sourceTree = "<group>"; };
		16BE14DE283933B800C7307E /* ExchangeRatesTestUITests.xctest */ = {isa = PBXFileReference; explicitFileType = wrapper.cfbundle; includeInIndex = 0; path = ExchangeRatesTestUITests.xctest; sourceTree = BUILT_PRODUCTS_DIR; };
		16BE14E2283933B800C7307E /* ExchangeRatesTestUITests.swift */ = {isa = PBXFileReference; lastKnownFileType = sourcecode.swift; path = ExchangeRatesTestUITests.swift; sourceTree = "<group>"; };
		16BE14FF2839380900C7307E /* Rates.swift */ = {isa = PBXFileReference; lastKnownFileType = sourcecode.swift; path = Rates.swift; sourceTree = "<group>"; };
		16BE15012839385600C7307E /* RatesResults.swift */ = {isa = PBXFileReference; lastKnownFileType = sourcecode.swift; path = RatesResults.swift; sourceTree = "<group>"; };
		16BE1503283938B100C7307E /* RatesListViewModel.swift */ = {isa = PBXFileReference; lastKnownFileType = sourcecode.swift; path = RatesListViewModel.swift; sourceTree = "<group>"; };
		16BE150628393EF900C7307E /* CurrencySymbols.swift */ = {isa = PBXFileReference; lastKnownFileType = sourcecode.swift; path = CurrencySymbols.swift; sourceTree = "<group>"; };
		16BE15082839418300C7307E /* OldNetworkManager.swift */ = {isa = PBXFileReference; lastKnownFileType = sourcecode.swift; path = OldNetworkManager.swift; sourceTree = "<group>"; };
		16BE150A283945C000C7307E /* RatesListTableViewCell.swift */ = {isa = PBXFileReference; lastKnownFileType = sourcecode.swift; path = RatesListTableViewCell.swift; sourceTree = "<group>"; };
		16BE150C2839561C00C7307E /* AppCoordinator.swift */ = {isa = PBXFileReference; lastKnownFileType = sourcecode.swift; path = AppCoordinator.swift; sourceTree = "<group>"; };
		16BE15132839704600C7307E /* MainViewController.swift */ = {isa = PBXFileReference; lastKnownFileType = sourcecode.swift; path = MainViewController.swift; sourceTree = "<group>"; };
		16BE15162839713500C7307E /* UIColorExtension.swift */ = {isa = PBXFileReference; lastKnownFileType = sourcecode.swift; path = UIColorExtension.swift; sourceTree = "<group>"; };
		16BE151928397C4700C7307E /* RatesListView.swift */ = {isa = PBXFileReference; lastKnownFileType = sourcecode.swift; path = RatesListView.swift; sourceTree = "<group>"; };
		16BE151B283A429600C7307E /* MainViewControllerView.swift */ = {isa = PBXFileReference; lastKnownFileType = sourcecode.swift; path = MainViewControllerView.swift; sourceTree = "<group>"; };
		16BE151E283A469600C7307E /* RatesListCoordinator.swift */ = {isa = PBXFileReference; lastKnownFileType = sourcecode.swift; path = RatesListCoordinator.swift; sourceTree = "<group>"; };
		16BE1520283A5D7500C7307E /* RatesDetailView.swift */ = {isa = PBXFileReference; lastKnownFileType = sourcecode.swift; path = RatesDetailView.swift; sourceTree = "<group>"; };
		16BE1522283A60A000C7307E /* RatesDetailTableViewCell.swift */ = {isa = PBXFileReference; lastKnownFileType = sourcecode.swift; path = RatesDetailTableViewCell.swift; sourceTree = "<group>"; };
		16BE1524283A60D200C7307E /* RatesDetailViewController.swift */ = {isa = PBXFileReference; lastKnownFileType = sourcecode.swift; path = RatesDetailViewController.swift; sourceTree = "<group>"; };
		16BE1526283A619F00C7307E /* RatesDetailViewModel.swift */ = {isa = PBXFileReference; lastKnownFileType = sourcecode.swift; path = RatesDetailViewModel.swift; sourceTree = "<group>"; };
		16BE1528283A676900C7307E /* RatesDetailCoordinator.swift */ = {isa = PBXFileReference; lastKnownFileType = sourcecode.swift; path = RatesDetailCoordinator.swift; sourceTree = "<group>"; };
		16BE152A283A68C000C7307E /* MainScreenCoordinator.swift */ = {isa = PBXFileReference; lastKnownFileType = sourcecode.swift; path = MainScreenCoordinator.swift; sourceTree = "<group>"; };
		16BE152C283A68F700C7307E /* MainViewModel.swift */ = {isa = PBXFileReference; lastKnownFileType = sourcecode.swift; path = MainViewModel.swift; sourceTree = "<group>"; };
		16EC030D2879CA9D00DCB90F /* HTTPMethod.swift */ = {isa = PBXFileReference; lastKnownFileType = sourcecode.swift; path = HTTPMethod.swift; sourceTree = "<group>"; };
		16EC030F2879CAC100DCB90F /* HTTPTask.swift */ = {isa = PBXFileReference; lastKnownFileType = sourcecode.swift; path = HTTPTask.swift; sourceTree = "<group>"; };
		16EC03112879CADD00DCB90F /* EndPointType.swift */ = {isa = PBXFileReference; lastKnownFileType = sourcecode.swift; path = EndPointType.swift; sourceTree = "<group>"; };
		16EC03142879CB0B00DCB90F /* CurrencyModel.swift */ = {isa = PBXFileReference; lastKnownFileType = sourcecode.swift; path = CurrencyModel.swift; sourceTree = "<group>"; };
		16EC03172879D3BC00DCB90F /* CurrencyEndPoint.swift */ = {isa = PBXFileReference; lastKnownFileType = sourcecode.swift; path = CurrencyEndPoint.swift; sourceTree = "<group>"; };
		16EC031A2879D44800DCB90F /* ParameterEncoding.swift */ = {isa = PBXFileReference; lastKnownFileType = sourcecode.swift; path = ParameterEncoding.swift; sourceTree = "<group>"; };
		16EC031C2879D47100DCB90F /* URLParameterEncoding.swift */ = {isa = PBXFileReference; lastKnownFileType = sourcecode.swift; path = URLParameterEncoding.swift; sourceTree = "<group>"; };
		16EC031E2879D4AB00DCB90F /* JSONParameterEncoder.swift */ = {isa = PBXFileReference; lastKnownFileType = sourcecode.swift; path = JSONParameterEncoder.swift; sourceTree = "<group>"; };
		16EC03212879D4D100DCB90F /* ApiClient.swift */ = {isa = PBXFileReference; lastKnownFileType = sourcecode.swift; path = ApiClient.swift; sourceTree = "<group>"; };
/* End PBXFileReference section */

/* Begin PBXFrameworksBuildPhase section */
		16BE14BB283933B400C7307E /* Frameworks */ = {
			isa = PBXFrameworksBuildPhase;
			buildActionMask = 2147483647;
			files = (
				166D5187283ABF8B0084BE52 /* FlagKit in Frameworks */,
				16BE14F52839341600C7307E /* RxSwift in Frameworks */,
				16BE14F32839341600C7307E /* RxCocoa in Frameworks */,
			);
			runOnlyForDeploymentPostprocessing = 0;
		};
		16BE14D1283933B800C7307E /* Frameworks */ = {
			isa = PBXFrameworksBuildPhase;
			buildActionMask = 2147483647;
			files = (
			);
			runOnlyForDeploymentPostprocessing = 0;
		};
		16BE14DB283933B800C7307E /* Frameworks */ = {
			isa = PBXFrameworksBuildPhase;
			buildActionMask = 2147483647;
			files = (
			);
			runOnlyForDeploymentPostprocessing = 0;
		};
/* End PBXFrameworksBuildPhase section */

/* Begin PBXGroup section */
		16BE14B5283933B400C7307E = {
			isa = PBXGroup;
			children = (
				167D858E283D0228003C806B /* FastTests.xctestplan */,
				167D858F283D025E003C806B /* SlowTests.xctestplan */,
				16BE14C0283933B400C7307E /* ExchangeRatesTest */,
				16BE14D7283933B800C7307E /* ExchangeRatesTestTests */,
				16BE14E1283933B800C7307E /* ExchangeRatesTestUITests */,
				16BE14BF283933B400C7307E /* Products */,
			);
			sourceTree = "<group>";
		};
		16BE14BF283933B400C7307E /* Products */ = {
			isa = PBXGroup;
			children = (
				16BE14BE283933B400C7307E /* ExchangeRatesTest.app */,
				16BE14D4283933B800C7307E /* ExchangeRatesTestTests.xctest */,
				16BE14DE283933B800C7307E /* ExchangeRatesTestUITests.xctest */,
			);
			name = Products;
			sourceTree = "<group>";
		};
		16BE14C0283933B400C7307E /* ExchangeRatesTest */ = {
			isa = PBXGroup;
			children = (
				16FADCB7287210E30080754F /* Extensions */,
				16BE14FC2839372F00C7307E /* Flows */,
				16BE151D283A45C000C7307E /* Coordinators */,
				16BE14FE283937CB00C7307E /* Models */,
				16BE14FD283937C000C7307E /* ViewModels */,
				16BE15152839710D00C7307E /* Helpers */,
				16BE14F62839351900C7307E /* Resource */,
			);
			path = ExchangeRatesTest;
			sourceTree = "<group>";
		};
		16BE14D7283933B800C7307E /* ExchangeRatesTestTests */ = {
			isa = PBXGroup;
			children = (
				16BE14D8283933B800C7307E /* ExchangeRatesTestTests.swift */,
				167D858A283CF295003C806B /* ExchangeRatesTestGetCurrencyFlagTest.swift */,
			);
			path = ExchangeRatesTestTests;
			sourceTree = "<group>";
		};
		16BE14E1283933B800C7307E /* ExchangeRatesTestUITests */ = {
			isa = PBXGroup;
			children = (
				16BE14E2283933B800C7307E /* ExchangeRatesTestUITests.swift */,
			);
			path = ExchangeRatesTestUITests;
			sourceTree = "<group>";
		};
		16BE14F62839351900C7307E /* Resource */ = {
			isa = PBXGroup;
			children = (
				16BE14C3283933B400C7307E /* SceneDelegate.swift */,
				16BE14C1283933B400C7307E /* AppDelegate.swift */,
				16BE14CF283933B800C7307E /* Info.plist */,
				16BE14CC283933B800C7307E /* LaunchScreen.storyboard */,
				16BE14CA283933B800C7307E /* Assets.xcassets */,
			);
			path = Resource;
			sourceTree = "<group>";
		};
		16BE14FC2839372F00C7307E /* Flows */ = {
			isa = PBXGroup;
			children = (
				16BE150E2839578200C7307E /* MainViewController */,
				16BE150F2839579300C7307E /* RatesListViewController */,
				16BE15102839579F00C7307E /* RatesDetailViewController */,
			);
			path = Flows;
			sourceTree = "<group>";
		};
		16BE14FD283937C000C7307E /* ViewModels */ = {
			isa = PBXGroup;
			children = (
				16BE152C283A68F700C7307E /* MainViewModel.swift */,
				16BE1503283938B100C7307E /* RatesListViewModel.swift */,
				16BE1526283A619F00C7307E /* RatesDetailViewModel.swift */,
			);
			path = ViewModels;
			sourceTree = "<group>";
		};
		16BE14FE283937CB00C7307E /* Models */ = {
			isa = PBXGroup;
			children = (
				16BE14FF2839380900C7307E /* Rates.swift */,
				16BE15012839385600C7307E /* RatesResults.swift */,
				16BE150628393EF900C7307E /* CurrencySymbols.swift */,
			);
			path = Models;
			sourceTree = "<group>";
		};
		16BE150528393E6400C7307E /* NetworkManager */ = {
			isa = PBXGroup;
			children = (
				16BE15082839418300C7307E /* OldNetworkManager.swift */,
			);
			path = NetworkManager;
			sourceTree = "<group>";
		};
		16BE150E2839578200C7307E /* MainViewController */ = {
			isa = PBXGroup;
			children = (
				16BE15132839704600C7307E /* MainViewController.swift */,
				16BE151B283A429600C7307E /* MainViewControllerView.swift */,
			);
			path = MainViewController;
			sourceTree = "<group>";
		};
		16BE150F2839579300C7307E /* RatesListViewController */ = {
			isa = PBXGroup;
			children = (
				16BE14C5283933B400C7307E /* RatesListViewController.swift */,
				16BE151928397C4700C7307E /* RatesListView.swift */,
				16BE150A283945C000C7307E /* RatesListTableViewCell.swift */,
			);
			path = RatesListViewController;
			sourceTree = "<group>";
		};
		16BE15102839579F00C7307E /* RatesDetailViewController */ = {
			isa = PBXGroup;
			children = (
				16BE1524283A60D200C7307E /* RatesDetailViewController.swift */,
				16BE1520283A5D7500C7307E /* RatesDetailView.swift */,
				16BE1522283A60A000C7307E /* RatesDetailTableViewCell.swift */,
			);
			path = RatesDetailViewController;
			sourceTree = "<group>";
		};
		16BE15152839710D00C7307E /* Helpers */ = {
			isa = PBXGroup;
			children = (
				16EC030B2879CA7C00DCB90F /* Network */,
				16BE150528393E6400C7307E /* NetworkManager */,
			);
			path = Helpers;
			sourceTree = "<group>";
		};
		16BE151D283A45C000C7307E /* Coordinators */ = {
			isa = PBXGroup;
			children = (
				167D8586283C1FE1003C806B /* Coordinator.swift */,
				16BE150C2839561C00C7307E /* AppCoordinator.swift */,
				16BE152A283A68C000C7307E /* MainScreenCoordinator.swift */,
				16BE151E283A469600C7307E /* RatesListCoordinator.swift */,
				16BE1528283A676900C7307E /* RatesDetailCoordinator.swift */,
			);
			path = Coordinators;
			sourceTree = "<group>";
		};
		16EC030B2879CA7C00DCB90F /* Network */ = {
			isa = PBXGroup;
			children = (
				16EC03202879D4C300DCB90F /* Client */,
				16EC03192879D43C00DCB90F /* Encoding */,
				16EC03162879D3AA00DCB90F /* EndPoint */,
				16EC03132879CB0200DCB90F /* Model */,
				16EC030C2879CA8500DCB90F /* Service */,
			);
			path = Network;
			sourceTree = "<group>";
		};
		16EC030C2879CA8500DCB90F /* Service */ = {
			isa = PBXGroup;
			children = (
				16EC030D2879CA9D00DCB90F /* HTTPMethod.swift */,
				16EC030F2879CAC100DCB90F /* HTTPTask.swift */,
				16EC03112879CADD00DCB90F /* EndPointType.swift */,
				1637BC7D287ACB6300125019 /* NetworkRouter.swift */,
			);
			path = Service;
			sourceTree = "<group>";
		};
		16EC03132879CB0200DCB90F /* Model */ = {
			isa = PBXGroup;
			children = (
				16EC03142879CB0B00DCB90F /* CurrencyModel.swift */,
			);
			path = Model;
			sourceTree = "<group>";
		};
		16EC03162879D3AA00DCB90F /* EndPoint */ = {
			isa = PBXGroup;
			children = (
				16EC03172879D3BC00DCB90F /* CurrencyEndPoint.swift */,
			);
			path = EndPoint;
			sourceTree = "<group>";
		};
		16EC03192879D43C00DCB90F /* Encoding */ = {
			isa = PBXGroup;
			children = (
				16EC031A2879D44800DCB90F /* ParameterEncoding.swift */,
				16EC031C2879D47100DCB90F /* URLParameterEncoding.swift */,
				16EC031E2879D4AB00DCB90F /* JSONParameterEncoder.swift */,
			);
			path = Encoding;
			sourceTree = "<group>";
		};
		16EC03202879D4C300DCB90F /* Client */ = {
			isa = PBXGroup;
			children = (
				16EC03212879D4D100DCB90F /* ApiClient.swift */,
			);
			path = Client;
			sourceTree = "<group>";
		};
		16FADCB7287210E30080754F /* Extensions */ = {
			isa = PBXGroup;
			children = (
				16BE15162839713500C7307E /* UIColorExtension.swift */,
				167D8588283CED59003C806B /* GetCurrencyFlag.swift */,
			);
			path = Extensions;
			sourceTree = "<group>";
		};
/* End PBXGroup section */

/* Begin PBXNativeTarget section */
		16BE14BD283933B400C7307E /* ExchangeRatesTest */ = {
			isa = PBXNativeTarget;
			buildConfigurationList = 16BE14E8283933B800C7307E /* Build configuration list for PBXNativeTarget "ExchangeRatesTest" */;
			buildPhases = (
				16BE14BA283933B400C7307E /* Sources */,
				16BE14BB283933B400C7307E /* Frameworks */,
				16BE14BC283933B400C7307E /* Resources */,
				16BE15182839756200C7307E /* SwiftLint */,
			);
			buildRules = (
			);
			dependencies = (
			);
			name = ExchangeRatesTest;
			packageProductDependencies = (
				16BE14F22839341600C7307E /* RxCocoa */,
				16BE14F42839341600C7307E /* RxSwift */,
				166D5186283ABF8B0084BE52 /* FlagKit */,
			);
			productName = ExchangeRatesTest;
			productReference = 16BE14BE283933B400C7307E /* ExchangeRatesTest.app */;
			productType = "com.apple.product-type.application";
		};
		16BE14D3283933B800C7307E /* ExchangeRatesTestTests */ = {
			isa = PBXNativeTarget;
			buildConfigurationList = 16BE14EB283933B800C7307E /* Build configuration list for PBXNativeTarget "ExchangeRatesTestTests" */;
			buildPhases = (
				16BE14D0283933B800C7307E /* Sources */,
				16BE14D1283933B800C7307E /* Frameworks */,
				16BE14D2283933B800C7307E /* Resources */,
			);
			buildRules = (
			);
			dependencies = (
				16BE14D6283933B800C7307E /* PBXTargetDependency */,
			);
			name = ExchangeRatesTestTests;
			productName = ExchangeRatesTestTests;
			productReference = 16BE14D4283933B800C7307E /* ExchangeRatesTestTests.xctest */;
			productType = "com.apple.product-type.bundle.unit-test";
		};
		16BE14DD283933B800C7307E /* ExchangeRatesTestUITests */ = {
			isa = PBXNativeTarget;
			buildConfigurationList = 16BE14EE283933B800C7307E /* Build configuration list for PBXNativeTarget "ExchangeRatesTestUITests" */;
			buildPhases = (
				16BE14DA283933B800C7307E /* Sources */,
				16BE14DB283933B800C7307E /* Frameworks */,
				16BE14DC283933B800C7307E /* Resources */,
			);
			buildRules = (
			);
			dependencies = (
				16BE14E0283933B800C7307E /* PBXTargetDependency */,
			);
			name = ExchangeRatesTestUITests;
			productName = ExchangeRatesTestUITests;
			productReference = 16BE14DE283933B800C7307E /* ExchangeRatesTestUITests.xctest */;
			productType = "com.apple.product-type.bundle.ui-testing";
		};
/* End PBXNativeTarget section */

/* Begin PBXProject section */
		16BE14B6283933B400C7307E /* Project object */ = {
			isa = PBXProject;
			attributes = {
				BuildIndependentTargetsInParallel = 1;
				LastSwiftUpdateCheck = 1320;
				LastUpgradeCheck = 1320;
				TargetAttributes = {
					16BE14BD283933B400C7307E = {
						CreatedOnToolsVersion = 13.2.1;
					};
					16BE14D3283933B800C7307E = {
						CreatedOnToolsVersion = 13.2.1;
						TestTargetID = 16BE14BD283933B400C7307E;
					};
					16BE14DD283933B800C7307E = {
						CreatedOnToolsVersion = 13.2.1;
						TestTargetID = 16BE14BD283933B400C7307E;
					};
				};
			};
			buildConfigurationList = 16BE14B9283933B400C7307E /* Build configuration list for PBXProject "ExchangeRatesTest" */;
			compatibilityVersion = "Xcode 13.0";
			developmentRegion = en;
			hasScannedForEncodings = 0;
			knownRegions = (
				en,
				Base,
			);
			mainGroup = 16BE14B5283933B400C7307E;
			packageReferences = (
				16BE14F12839341600C7307E /* XCRemoteSwiftPackageReference "RxSwift" */,
				166D5185283ABF8B0084BE52 /* XCRemoteSwiftPackageReference "FlagKit" */,
			);
			productRefGroup = 16BE14BF283933B400C7307E /* Products */;
			projectDirPath = "";
			projectRoot = "";
			targets = (
				16BE14BD283933B400C7307E /* ExchangeRatesTest */,
				16BE14D3283933B800C7307E /* ExchangeRatesTestTests */,
				16BE14DD283933B800C7307E /* ExchangeRatesTestUITests */,
			);
		};
/* End PBXProject section */

/* Begin PBXResourcesBuildPhase section */
		16BE14BC283933B400C7307E /* Resources */ = {
			isa = PBXResourcesBuildPhase;
			buildActionMask = 2147483647;
			files = (
				16BE14CE283933B800C7307E /* LaunchScreen.storyboard in Resources */,
				16BE14CB283933B800C7307E /* Assets.xcassets in Resources */,
			);
			runOnlyForDeploymentPostprocessing = 0;
		};
		16BE14D2283933B800C7307E /* Resources */ = {
			isa = PBXResourcesBuildPhase;
			buildActionMask = 2147483647;
			files = (
			);
			runOnlyForDeploymentPostprocessing = 0;
		};
		16BE14DC283933B800C7307E /* Resources */ = {
			isa = PBXResourcesBuildPhase;
			buildActionMask = 2147483647;
			files = (
			);
			runOnlyForDeploymentPostprocessing = 0;
		};
/* End PBXResourcesBuildPhase section */

/* Begin PBXShellScriptBuildPhase section */
		16BE15182839756200C7307E /* SwiftLint */ = {
			isa = PBXShellScriptBuildPhase;
			buildActionMask = 2147483647;
			files = (
			);
			inputFileListPaths = (
			);
			inputPaths = (
			);
			name = SwiftLint;
			outputFileListPaths = (
			);
			outputPaths = (
			);
			runOnlyForDeploymentPostprocessing = 0;
			shellPath = /bin/sh;
			shellScript = "if which swiftlint > /dev/null; then\n  swiftlint\nelse\n  echo \"warning: SwiftLint not installed, download from https://github.com/realm/SwiftLint\"\nfi\n";
		};
/* End PBXShellScriptBuildPhase section */

/* Begin PBXSourcesBuildPhase section */
		16BE14BA283933B400C7307E /* Sources */ = {
			isa = PBXSourcesBuildPhase;
			buildActionMask = 2147483647;
			files = (
				16BE1504283938B100C7307E /* RatesListViewModel.swift in Sources */,
				16BE150728393EF900C7307E /* CurrencySymbols.swift in Sources */,
				16EC031D2879D47100DCB90F /* URLParameterEncoding.swift in Sources */,
				16BE150D2839561D00C7307E /* AppCoordinator.swift in Sources */,
				16BE15142839704600C7307E /* MainViewController.swift in Sources */,
				16BE151F283A469600C7307E /* RatesListCoordinator.swift in Sources */,
				167D8589283CED59003C806B /* GetCurrencyFlag.swift in Sources */,
				16BE152B283A68C000C7307E /* MainScreenCoordinator.swift in Sources */,
				16BE1521283A5D7500C7307E /* RatesDetailView.swift in Sources */,
				16EC030E2879CA9D00DCB90F /* HTTPMethod.swift in Sources */,
				16BE15002839380900C7307E /* Rates.swift in Sources */,
				16EC03222879D4D100DCB90F /* ApiClient.swift in Sources */,
				16BE151C283A429600C7307E /* MainViewControllerView.swift in Sources */,
				16EC03122879CADD00DCB90F /* EndPointType.swift in Sources */,
				16EC031B2879D44800DCB90F /* ParameterEncoding.swift in Sources */,
				16EC03182879D3BC00DCB90F /* CurrencyEndPoint.swift in Sources */,
				16BE1525283A60D200C7307E /* RatesDetailViewController.swift in Sources */,
				16EC031F2879D4AB00DCB90F /* JSONParameterEncoder.swift in Sources */,
				16BE15022839385600C7307E /* RatesResults.swift in Sources */,
				16EC03152879CB0B00DCB90F /* CurrencyModel.swift in Sources */,
				16BE1529283A676900C7307E /* RatesDetailCoordinator.swift in Sources */,
				16BE151A28397C4700C7307E /* RatesListView.swift in Sources */,
				16BE15172839713500C7307E /* UIColorExtension.swift in Sources */,
				16BE15092839418300C7307E /* OldNetworkManager.swift in Sources */,
				16BE14C6283933B400C7307E /* RatesListViewController.swift in Sources */,
				16EC03102879CAC100DCB90F /* HTTPTask.swift in Sources */,
				16BE1523283A60A000C7307E /* RatesDetailTableViewCell.swift in Sources */,
				167D8587283C1FE2003C806B /* Coordinator.swift in Sources */,
				16BE14C2283933B400C7307E /* AppDelegate.swift in Sources */,
				16BE150B283945C000C7307E /* RatesListTableViewCell.swift in Sources */,
				16BE1527283A619F00C7307E /* RatesDetailViewModel.swift in Sources */,
				1637BC7E287ACB6300125019 /* NetworkRouter.swift in Sources */,
				16BE152D283A68F700C7307E /* MainViewModel.swift in Sources */,
				16BE14C4283933B400C7307E /* SceneDelegate.swift in Sources */,
			);
			runOnlyForDeploymentPostprocessing = 0;
		};
		16BE14D0283933B800C7307E /* Sources */ = {
			isa = PBXSourcesBuildPhase;
			buildActionMask = 2147483647;
			files = (
				167D858B283CF295003C806B /* ExchangeRatesTestGetCurrencyFlagTest.swift in Sources */,
				16BE14D9283933B800C7307E /* ExchangeRatesTestTests.swift in Sources */,
			);
			runOnlyForDeploymentPostprocessing = 0;
		};
		16BE14DA283933B800C7307E /* Sources */ = {
			isa = PBXSourcesBuildPhase;
			buildActionMask = 2147483647;
			files = (
				16BE14E3283933B800C7307E /* ExchangeRatesTestUITests.swift in Sources */,
			);
			runOnlyForDeploymentPostprocessing = 0;
		};
/* End PBXSourcesBuildPhase section */

/* Begin PBXTargetDependency section */
		16BE14D6283933B800C7307E /* PBXTargetDependency */ = {
			isa = PBXTargetDependency;
			target = 16BE14BD283933B400C7307E /* ExchangeRatesTest */;
			targetProxy = 16BE14D5283933B800C7307E /* PBXContainerItemProxy */;
		};
		16BE14E0283933B800C7307E /* PBXTargetDependency */ = {
			isa = PBXTargetDependency;
			target = 16BE14BD283933B400C7307E /* ExchangeRatesTest */;
			targetProxy = 16BE14DF283933B800C7307E /* PBXContainerItemProxy */;
		};
/* End PBXTargetDependency section */

/* Begin PBXVariantGroup section */
		16BE14CC283933B800C7307E /* LaunchScreen.storyboard */ = {
			isa = PBXVariantGroup;
			children = (
				16BE14CD283933B800C7307E /* Base */,
			);
			name = LaunchScreen.storyboard;
			sourceTree = "<group>";
		};
/* End PBXVariantGroup section */

/* Begin XCBuildConfiguration section */
		16BE14E6283933B800C7307E /* Debug */ = {
			isa = XCBuildConfiguration;
			buildSettings = {
				ALWAYS_SEARCH_USER_PATHS = NO;
				CLANG_ANALYZER_NONNULL = YES;
				CLANG_ANALYZER_NUMBER_OBJECT_CONVERSION = YES_AGGRESSIVE;
				CLANG_CXX_LANGUAGE_STANDARD = "gnu++17";
				CLANG_CXX_LIBRARY = "libc++";
				CLANG_ENABLE_MODULES = YES;
				CLANG_ENABLE_OBJC_ARC = YES;
				CLANG_ENABLE_OBJC_WEAK = YES;
				CLANG_WARN_BLOCK_CAPTURE_AUTORELEASING = YES;
				CLANG_WARN_BOOL_CONVERSION = YES;
				CLANG_WARN_COMMA = YES;
				CLANG_WARN_CONSTANT_CONVERSION = YES;
				CLANG_WARN_DEPRECATED_OBJC_IMPLEMENTATIONS = YES;
				CLANG_WARN_DIRECT_OBJC_ISA_USAGE = YES_ERROR;
				CLANG_WARN_DOCUMENTATION_COMMENTS = YES;
				CLANG_WARN_EMPTY_BODY = YES;
				CLANG_WARN_ENUM_CONVERSION = YES;
				CLANG_WARN_INFINITE_RECURSION = YES;
				CLANG_WARN_INT_CONVERSION = YES;
				CLANG_WARN_NON_LITERAL_NULL_CONVERSION = YES;
				CLANG_WARN_OBJC_IMPLICIT_RETAIN_SELF = YES;
				CLANG_WARN_OBJC_LITERAL_CONVERSION = YES;
				CLANG_WARN_OBJC_ROOT_CLASS = YES_ERROR;
				CLANG_WARN_QUOTED_INCLUDE_IN_FRAMEWORK_HEADER = YES;
				CLANG_WARN_RANGE_LOOP_ANALYSIS = YES;
				CLANG_WARN_STRICT_PROTOTYPES = YES;
				CLANG_WARN_SUSPICIOUS_MOVE = YES;
				CLANG_WARN_UNGUARDED_AVAILABILITY = YES_AGGRESSIVE;
				CLANG_WARN_UNREACHABLE_CODE = YES;
				CLANG_WARN__DUPLICATE_METHOD_MATCH = YES;
				COPY_PHASE_STRIP = NO;
				DEBUG_INFORMATION_FORMAT = dwarf;
				ENABLE_STRICT_OBJC_MSGSEND = YES;
				ENABLE_TESTABILITY = YES;
				GCC_C_LANGUAGE_STANDARD = gnu11;
				GCC_DYNAMIC_NO_PIC = NO;
				GCC_NO_COMMON_BLOCKS = YES;
				GCC_OPTIMIZATION_LEVEL = 0;
				GCC_PREPROCESSOR_DEFINITIONS = (
					"DEBUG=1",
					"$(inherited)",
				);
				GCC_WARN_64_TO_32_BIT_CONVERSION = YES;
				GCC_WARN_ABOUT_RETURN_TYPE = YES_ERROR;
				GCC_WARN_UNDECLARED_SELECTOR = YES;
				GCC_WARN_UNINITIALIZED_AUTOS = YES_AGGRESSIVE;
				GCC_WARN_UNUSED_FUNCTION = YES;
				GCC_WARN_UNUSED_VARIABLE = YES;
				IPHONEOS_DEPLOYMENT_TARGET = 15.2;
				MTL_ENABLE_DEBUG_INFO = INCLUDE_SOURCE;
				MTL_FAST_MATH = YES;
				ONLY_ACTIVE_ARCH = YES;
				SDKROOT = iphoneos;
				SWIFT_ACTIVE_COMPILATION_CONDITIONS = DEBUG;
				SWIFT_OPTIMIZATION_LEVEL = "-Onone";
			};
			name = Debug;
		};
		16BE14E7283933B800C7307E /* Release */ = {
			isa = XCBuildConfiguration;
			buildSettings = {
				ALWAYS_SEARCH_USER_PATHS = NO;
				CLANG_ANALYZER_NONNULL = YES;
				CLANG_ANALYZER_NUMBER_OBJECT_CONVERSION = YES_AGGRESSIVE;
				CLANG_CXX_LANGUAGE_STANDARD = "gnu++17";
				CLANG_CXX_LIBRARY = "libc++";
				CLANG_ENABLE_MODULES = YES;
				CLANG_ENABLE_OBJC_ARC = YES;
				CLANG_ENABLE_OBJC_WEAK = YES;
				CLANG_WARN_BLOCK_CAPTURE_AUTORELEASING = YES;
				CLANG_WARN_BOOL_CONVERSION = YES;
				CLANG_WARN_COMMA = YES;
				CLANG_WARN_CONSTANT_CONVERSION = YES;
				CLANG_WARN_DEPRECATED_OBJC_IMPLEMENTATIONS = YES;
				CLANG_WARN_DIRECT_OBJC_ISA_USAGE = YES_ERROR;
				CLANG_WARN_DOCUMENTATION_COMMENTS = YES;
				CLANG_WARN_EMPTY_BODY = YES;
				CLANG_WARN_ENUM_CONVERSION = YES;
				CLANG_WARN_INFINITE_RECURSION = YES;
				CLANG_WARN_INT_CONVERSION = YES;
				CLANG_WARN_NON_LITERAL_NULL_CONVERSION = YES;
				CLANG_WARN_OBJC_IMPLICIT_RETAIN_SELF = YES;
				CLANG_WARN_OBJC_LITERAL_CONVERSION = YES;
				CLANG_WARN_OBJC_ROOT_CLASS = YES_ERROR;
				CLANG_WARN_QUOTED_INCLUDE_IN_FRAMEWORK_HEADER = YES;
				CLANG_WARN_RANGE_LOOP_ANALYSIS = YES;
				CLANG_WARN_STRICT_PROTOTYPES = YES;
				CLANG_WARN_SUSPICIOUS_MOVE = YES;
				CLANG_WARN_UNGUARDED_AVAILABILITY = YES_AGGRESSIVE;
				CLANG_WARN_UNREACHABLE_CODE = YES;
				CLANG_WARN__DUPLICATE_METHOD_MATCH = YES;
				COPY_PHASE_STRIP = NO;
				DEBUG_INFORMATION_FORMAT = "dwarf-with-dsym";
				ENABLE_NS_ASSERTIONS = NO;
				ENABLE_STRICT_OBJC_MSGSEND = YES;
				GCC_C_LANGUAGE_STANDARD = gnu11;
				GCC_NO_COMMON_BLOCKS = YES;
				GCC_WARN_64_TO_32_BIT_CONVERSION = YES;
				GCC_WARN_ABOUT_RETURN_TYPE = YES_ERROR;
				GCC_WARN_UNDECLARED_SELECTOR = YES;
				GCC_WARN_UNINITIALIZED_AUTOS = YES_AGGRESSIVE;
				GCC_WARN_UNUSED_FUNCTION = YES;
				GCC_WARN_UNUSED_VARIABLE = YES;
				IPHONEOS_DEPLOYMENT_TARGET = 15.2;
				MTL_ENABLE_DEBUG_INFO = NO;
				MTL_FAST_MATH = YES;
				SDKROOT = iphoneos;
				SWIFT_COMPILATION_MODE = wholemodule;
				SWIFT_OPTIMIZATION_LEVEL = "-O";
				VALIDATE_PRODUCT = YES;
			};
			name = Release;
		};
		16BE14E9283933B800C7307E /* Debug */ = {
			isa = XCBuildConfiguration;
			buildSettings = {
				ASSETCATALOG_COMPILER_APPICON_NAME = AppIcon;
				ASSETCATALOG_COMPILER_GLOBAL_ACCENT_COLOR_NAME = AccentColor;
				CODE_SIGN_STYLE = Automatic;
				CURRENT_PROJECT_VERSION = 1;
				DEVELOPMENT_TEAM = 97WCP8NGSS;
				GENERATE_INFOPLIST_FILE = YES;
				INFOPLIST_FILE = ExchangeRatesTest/Resource/Info.plist;
				INFOPLIST_KEY_UIApplicationSupportsIndirectInputEvents = YES;
				INFOPLIST_KEY_UILaunchStoryboardName = LaunchScreen;
				INFOPLIST_KEY_UIMainStoryboardFile = LaunchScreen;
				INFOPLIST_KEY_UISupportedInterfaceOrientations = UIInterfaceOrientationPortrait;
				INFOPLIST_KEY_UISupportedInterfaceOrientations_iPad = "UIInterfaceOrientationPortrait UIInterfaceOrientationPortraitUpsideDown UIInterfaceOrientationLandscapeLeft UIInterfaceOrientationLandscapeRight";
				INFOPLIST_KEY_UISupportedInterfaceOrientations_iPhone = "UIInterfaceOrientationPortrait UIInterfaceOrientationLandscapeLeft UIInterfaceOrientationLandscapeRight";
				LD_RUNPATH_SEARCH_PATHS = (
					"$(inherited)",
					"@executable_path/Frameworks",
				);
				MARKETING_VERSION = 1.0;
				PRODUCT_BUNDLE_IDENTIFIER = com.AndNasPlay.ExchangeRatesTest;
				PRODUCT_NAME = "$(TARGET_NAME)";
				SWIFT_EMIT_LOC_STRINGS = YES;
				SWIFT_VERSION = 5.0;
				TARGETED_DEVICE_FAMILY = 1;
			};
			name = Debug;
		};
		16BE14EA283933B800C7307E /* Release */ = {
			isa = XCBuildConfiguration;
			buildSettings = {
				ASSETCATALOG_COMPILER_APPICON_NAME = AppIcon;
				ASSETCATALOG_COMPILER_GLOBAL_ACCENT_COLOR_NAME = AccentColor;
				CODE_SIGN_STYLE = Automatic;
				CURRENT_PROJECT_VERSION = 1;
				DEVELOPMENT_TEAM = 97WCP8NGSS;
				GENERATE_INFOPLIST_FILE = YES;
				INFOPLIST_FILE = ExchangeRatesTest/Resource/Info.plist;
				INFOPLIST_KEY_UIApplicationSupportsIndirectInputEvents = YES;
				INFOPLIST_KEY_UILaunchStoryboardName = LaunchScreen;
				INFOPLIST_KEY_UIMainStoryboardFile = LaunchScreen;
				INFOPLIST_KEY_UISupportedInterfaceOrientations = UIInterfaceOrientationPortrait;
				INFOPLIST_KEY_UISupportedInterfaceOrientations_iPad = "UIInterfaceOrientationPortrait UIInterfaceOrientationPortraitUpsideDown UIInterfaceOrientationLandscapeLeft UIInterfaceOrientationLandscapeRight";
				INFOPLIST_KEY_UISupportedInterfaceOrientations_iPhone = "UIInterfaceOrientationPortrait UIInterfaceOrientationLandscapeLeft UIInterfaceOrientationLandscapeRight";
				LD_RUNPATH_SEARCH_PATHS = (
					"$(inherited)",
					"@executable_path/Frameworks",
				);
				MARKETING_VERSION = 1.0;
				PRODUCT_BUNDLE_IDENTIFIER = com.AndNasPlay.ExchangeRatesTest;
				PRODUCT_NAME = "$(TARGET_NAME)";
				SWIFT_EMIT_LOC_STRINGS = YES;
				SWIFT_VERSION = 5.0;
				TARGETED_DEVICE_FAMILY = 1;
			};
			name = Release;
		};
		16BE14EC283933B800C7307E /* Debug */ = {
			isa = XCBuildConfiguration;
			buildSettings = {
				ALWAYS_EMBED_SWIFT_STANDARD_LIBRARIES = YES;
				BUNDLE_LOADER = "$(TEST_HOST)";
				CODE_SIGN_STYLE = Automatic;
				CURRENT_PROJECT_VERSION = 1;
				DEVELOPMENT_TEAM = 97WCP8NGSS;
				GENERATE_INFOPLIST_FILE = YES;
				IPHONEOS_DEPLOYMENT_TARGET = 15.2;
				MARKETING_VERSION = 1.0;
				PRODUCT_BUNDLE_IDENTIFIER = com.AndNasPlay.ExchangeRatesTestTests;
				PRODUCT_NAME = "$(TARGET_NAME)";
				SWIFT_EMIT_LOC_STRINGS = NO;
				SWIFT_VERSION = 5.0;
				TARGETED_DEVICE_FAMILY = "1,2";
				TEST_HOST = "$(BUILT_PRODUCTS_DIR)/ExchangeRatesTest.app/ExchangeRatesTest";
			};
			name = Debug;
		};
		16BE14ED283933B800C7307E /* Release */ = {
			isa = XCBuildConfiguration;
			buildSettings = {
				ALWAYS_EMBED_SWIFT_STANDARD_LIBRARIES = YES;
				BUNDLE_LOADER = "$(TEST_HOST)";
				CODE_SIGN_STYLE = Automatic;
				CURRENT_PROJECT_VERSION = 1;
				DEVELOPMENT_TEAM = 97WCP8NGSS;
				GENERATE_INFOPLIST_FILE = YES;
				IPHONEOS_DEPLOYMENT_TARGET = 15.2;
				MARKETING_VERSION = 1.0;
				PRODUCT_BUNDLE_IDENTIFIER = com.AndNasPlay.ExchangeRatesTestTests;
				PRODUCT_NAME = "$(TARGET_NAME)";
				SWIFT_EMIT_LOC_STRINGS = NO;
				SWIFT_VERSION = 5.0;
				TARGETED_DEVICE_FAMILY = "1,2";
				TEST_HOST = "$(BUILT_PRODUCTS_DIR)/ExchangeRatesTest.app/ExchangeRatesTest";
			};
			name = Release;
		};
		16BE14EF283933B800C7307E /* Debug */ = {
			isa = XCBuildConfiguration;
			buildSettings = {
				ALWAYS_EMBED_SWIFT_STANDARD_LIBRARIES = YES;
				CODE_SIGN_STYLE = Automatic;
				CURRENT_PROJECT_VERSION = 1;
				DEVELOPMENT_TEAM = 97WCP8NGSS;
				GENERATE_INFOPLIST_FILE = YES;
				MARKETING_VERSION = 1.0;
				PRODUCT_BUNDLE_IDENTIFIER = com.AndNasPlay.ExchangeRatesTestUITests;
				PRODUCT_NAME = "$(TARGET_NAME)";
				SWIFT_EMIT_LOC_STRINGS = NO;
				SWIFT_VERSION = 5.0;
				TARGETED_DEVICE_FAMILY = "1,2";
				TEST_TARGET_NAME = ExchangeRatesTest;
			};
			name = Debug;
		};
		16BE14F0283933B800C7307E /* Release */ = {
			isa = XCBuildConfiguration;
			buildSettings = {
				ALWAYS_EMBED_SWIFT_STANDARD_LIBRARIES = YES;
				CODE_SIGN_STYLE = Automatic;
				CURRENT_PROJECT_VERSION = 1;
				DEVELOPMENT_TEAM = 97WCP8NGSS;
				GENERATE_INFOPLIST_FILE = YES;
				MARKETING_VERSION = 1.0;
				PRODUCT_BUNDLE_IDENTIFIER = com.AndNasPlay.ExchangeRatesTestUITests;
				PRODUCT_NAME = "$(TARGET_NAME)";
				SWIFT_EMIT_LOC_STRINGS = NO;
				SWIFT_VERSION = 5.0;
				TARGETED_DEVICE_FAMILY = "1,2";
				TEST_TARGET_NAME = ExchangeRatesTest;
			};
			name = Release;
		};
/* End XCBuildConfiguration section */

/* Begin XCConfigurationList section */
		16BE14B9283933B400C7307E /* Build configuration list for PBXProject "ExchangeRatesTest" */ = {
			isa = XCConfigurationList;
			buildConfigurations = (
				16BE14E6283933B800C7307E /* Debug */,
				16BE14E7283933B800C7307E /* Release */,
			);
			defaultConfigurationIsVisible = 0;
			defaultConfigurationName = Release;
		};
		16BE14E8283933B800C7307E /* Build configuration list for PBXNativeTarget "ExchangeRatesTest" */ = {
			isa = XCConfigurationList;
			buildConfigurations = (
				16BE14E9283933B800C7307E /* Debug */,
				16BE14EA283933B800C7307E /* Release */,
			);
			defaultConfigurationIsVisible = 0;
			defaultConfigurationName = Release;
		};
		16BE14EB283933B800C7307E /* Build configuration list for PBXNativeTarget "ExchangeRatesTestTests" */ = {
			isa = XCConfigurationList;
			buildConfigurations = (
				16BE14EC283933B800C7307E /* Debug */,
				16BE14ED283933B800C7307E /* Release */,
			);
			defaultConfigurationIsVisible = 0;
			defaultConfigurationName = Release;
		};
		16BE14EE283933B800C7307E /* Build configuration list for PBXNativeTarget "ExchangeRatesTestUITests" */ = {
			isa = XCConfigurationList;
			buildConfigurations = (
				16BE14EF283933B800C7307E /* Debug */,
				16BE14F0283933B800C7307E /* Release */,
			);
			defaultConfigurationIsVisible = 0;
			defaultConfigurationName = Release;
		};
/* End XCConfigurationList section */

/* Begin XCRemoteSwiftPackageReference section */
		166D5185283ABF8B0084BE52 /* XCRemoteSwiftPackageReference "FlagKit" */ = {
			isa = XCRemoteSwiftPackageReference;
			repositoryURL = "https://github.com/madebybowtie/FlagKit.git";
			requirement = {
				kind = upToNextMajorVersion;
				minimumVersion = 2.0.0;
			};
		};
		16BE14F12839341600C7307E /* XCRemoteSwiftPackageReference "RxSwift" */ = {
			isa = XCRemoteSwiftPackageReference;
			repositoryURL = "https://github.com/ReactiveX/RxSwift.git";
			requirement = {
				kind = upToNextMajorVersion;
				minimumVersion = 6.0.0;
			};
		};
/* End XCRemoteSwiftPackageReference section */

/* Begin XCSwiftPackageProductDependency section */
		166D5186283ABF8B0084BE52 /* FlagKit */ = {
			isa = XCSwiftPackageProductDependency;
			package = 166D5185283ABF8B0084BE52 /* XCRemoteSwiftPackageReference "FlagKit" */;
			productName = FlagKit;
		};
		16BE14F22839341600C7307E /* RxCocoa */ = {
			isa = XCSwiftPackageProductDependency;
			package = 16BE14F12839341600C7307E /* XCRemoteSwiftPackageReference "RxSwift" */;
			productName = RxCocoa;
		};
		16BE14F42839341600C7307E /* RxSwift */ = {
			isa = XCSwiftPackageProductDependency;
			package = 16BE14F12839341600C7307E /* XCRemoteSwiftPackageReference "RxSwift" */;
			productName = RxSwift;
		};
/* End XCSwiftPackageProductDependency section */
	};
	rootObject = 16BE14B6283933B400C7307E /* Project object */;
}
